
Microsoft Visual Studio Solution File, Format Version 12.00
# Visual Studio Version 17
VisualStudioVersion = 17.10.35122.118
MinimumVisualStudioVersion = 10.0.40219.1
Project("{9A19103F-16F7-4668-BE54-9A1E7A4F7556}") = "SpecFlow_AQA", "SpecFlowProject2\SpecFlow_AQA.csproj", "{C87D3B5B-783E-40FB-AE59-AB374B5DDC39}"
EndProject
Global
	GlobalSection(SolutionConfigurationPlatforms) = preSolution
		Debug|Any CPU = Debug|Any CPU
		Release|Any CPU = Release|Any CPU
	EndGlobalSection
	GlobalSection(ProjectConfigurationPlatforms) = postSolution
		{C87D3B5B-783E-40FB-AE59-AB374B5DDC39}.Debug|Any CPU.ActiveCfg = Debug|Any CPU
		{C87D3B5B-783E-40FB-AE59-AB374B5DDC39}.Debug|Any CPU.Build.0 = Debug|Any CPU
		{C87D3B5B-783E-40FB-AE59-AB374B5DDC39}.Release|Any CPU.ActiveCfg = Release|Any CPU
		{C87D3B5B-783E-40FB-AE59-AB374B5DDC39}.Release|Any CPU.Build.0 = Release|Any CPU
	EndGlobalSection
	GlobalSection(SolutionProperties) = preSolution
		HideSolutionNode = FALSE
	EndGlobalSection
	GlobalSection(ExtensibilityGlobals) = postSolution
		SolutionGuid = {0E8F09F5-F2CB-4E4C-B034-BD786AA91197}
	EndGlobalSection
EndGlobal
